// !$*UTF8*$!
{
	archiveVersion = 1;
	classes = {
	};
	objectVersion = 56;
	objects = {

/* Begin PBXBuildFile section */
		8F45085C29485C5500538AE4 /* CreatePostBody.swift in Sources */ = {isa = PBXBuildFile; fileRef = 8F45085B29485C5500538AE4 /* CreatePostBody.swift */; };
		8F45085E2948A20700538AE4 /* RegistrationViewModel.swift in Sources */ = {isa = PBXBuildFile; fileRef = 8F45085D2948A20700538AE4 /* RegistrationViewModel.swift */; };
		8F45087A294A004700538AE4 /* PostModel.swift in Sources */ = {isa = PBXBuildFile; fileRef = 8F450879294A004700538AE4 /* PostModel.swift */; };
		8F45087D294B626800538AE4 /* TapbarController.swift in Sources */ = {isa = PBXBuildFile; fileRef = 8F45087C294B626800538AE4 /* TapbarController.swift */; };
		8F450880294C9FEC00538AE4 /* detailViewController.swift in Sources */ = {isa = PBXBuildFile; fileRef = 8F45087F294C9FEC00538AE4 /* detailViewController.swift */; };
		8F45089B2957242E00538AE4 /* detailViewModel.swift in Sources */ = {isa = PBXBuildFile; fileRef = 8F45089A2957242E00538AE4 /* detailViewModel.swift */; };
		8F840BC4293B6E13005EFAAA /* CacheManager.swift in Sources */ = {isa = PBXBuildFile; fileRef = 8F840BC3293B6E13005EFAAA /* CacheManager.swift */; };
		8F840BCB293C65B1005EFAAA /* GridCollectionViewCell.swift in Sources */ = {isa = PBXBuildFile; fileRef = 8F840BCA293C65B1005EFAAA /* GridCollectionViewCell.swift */; };
		8F840BDF294457BC005EFAAA /* RegistrationViewController.swift in Sources */ = {isa = PBXBuildFile; fileRef = 8F840BDE294457BC005EFAAA /* RegistrationViewController.swift */; };
		8F8DBF72292FD877002E6ABF /* MarketListViewModel.swift in Sources */ = {isa = PBXBuildFile; fileRef = 8F8DBF5C292FD876002E6ABF /* MarketListViewModel.swift */; };
		8F8DBF74292FD877002E6ABF /* ListCollectionViewCell.swift in Sources */ = {isa = PBXBuildFile; fileRef = 8F8DBF5E292FD876002E6ABF /* ListCollectionViewCell.swift */; };
		8F8DBF75292FD877002E6ABF /* MarketListViewController.swift in Sources */ = {isa = PBXBuildFile; fileRef = 8F8DBF5F292FD876002E6ABF /* MarketListViewController.swift */; };
		8F8DBF76292FD877002E6ABF /* NetworkManager.swift in Sources */ = {isa = PBXBuildFile; fileRef = 8F8DBF61292FD877002E6ABF /* NetworkManager.swift */; };
		8F8DBF77292FD877002E6ABF /* NetworkError.swift in Sources */ = {isa = PBXBuildFile; fileRef = 8F8DBF62292FD877002E6ABF /* NetworkError.swift */; };
		8F8DBF78292FD877002E6ABF /* EndPoint.swift in Sources */ = {isa = PBXBuildFile; fileRef = 8F8DBF63292FD877002E6ABF /* EndPoint.swift */; };
		8F8DBF79292FD877002E6ABF /* string+extensions.swift in Sources */ = {isa = PBXBuildFile; fileRef = 8F8DBF65292FD877002E6ABF /* string+extensions.swift */; };
		8F8DBF7A292FD877002E6ABF /* Int + extensions.swift in Sources */ = {isa = PBXBuildFile; fileRef = 8F8DBF66292FD877002E6ABF /* Int + extensions.swift */; };
		8F8DBF7C292FD877002E6ABF /* MarketItem.swift in Sources */ = {isa = PBXBuildFile; fileRef = 8F8DBF69292FD877002E6ABF /* MarketItem.swift */; };
		8F8DBF7D292FD877002E6ABF /* AppDelegate.swift in Sources */ = {isa = PBXBuildFile; fileRef = 8F8DBF6C292FD877002E6ABF /* AppDelegate.swift */; };
		8F8DBF7E292FD877002E6ABF /* SceneDelegate.swift in Sources */ = {isa = PBXBuildFile; fileRef = 8F8DBF6D292FD877002E6ABF /* SceneDelegate.swift */; };
		8F8DBF7F292FD877002E6ABF /* Assets.xcassets in Resources */ = {isa = PBXBuildFile; fileRef = 8F8DBF6F292FD877002E6ABF /* Assets.xcassets */; };
		8F8DBF80292FD877002E6ABF /* LaunchScreen.storyboard in Resources */ = {isa = PBXBuildFile; fileRef = 8F8DBF70292FD877002E6ABF /* LaunchScreen.storyboard */; };
/* End PBXBuildFile section */

/* Begin PBXFileReference section */
		8F45085B29485C5500538AE4 /* CreatePostBody.swift */ = {isa = PBXFileReference; lastKnownFileType = sourcecode.swift; path = CreatePostBody.swift; sourceTree = "<group>"; };
		8F45085D2948A20700538AE4 /* RegistrationViewModel.swift */ = {isa = PBXFileReference; lastKnownFileType = sourcecode.swift; path = RegistrationViewModel.swift; sourceTree = "<group>"; };
		8F450879294A004700538AE4 /* PostModel.swift */ = {isa = PBXFileReference; lastKnownFileType = sourcecode.swift; path = PostModel.swift; sourceTree = "<group>"; };
		8F45087C294B626800538AE4 /* TapbarController.swift */ = {isa = PBXFileReference; lastKnownFileType = sourcecode.swift; path = TapbarController.swift; sourceTree = "<group>"; };
		8F45087F294C9FEC00538AE4 /* detailViewController.swift */ = {isa = PBXFileReference; lastKnownFileType = sourcecode.swift; path = detailViewController.swift; sourceTree = "<group>"; };
		8F45089A2957242E00538AE4 /* detailViewModel.swift */ = {isa = PBXFileReference; lastKnownFileType = sourcecode.swift; path = detailViewModel.swift; sourceTree = "<group>"; };
		8F840BC3293B6E13005EFAAA /* CacheManager.swift */ = {isa = PBXFileReference; lastKnownFileType = sourcecode.swift; path = CacheManager.swift; sourceTree = "<group>"; };
		8F840BCA293C65B1005EFAAA /* GridCollectionViewCell.swift */ = {isa = PBXFileReference; lastKnownFileType = sourcecode.swift; path = GridCollectionViewCell.swift; sourceTree = "<group>"; };
		8F840BDE294457BC005EFAAA /* RegistrationViewController.swift */ = {isa = PBXFileReference; lastKnownFileType = sourcecode.swift; path = RegistrationViewController.swift; sourceTree = "<group>"; };
		8F8DBF43292FD863002E6ABF /* Chain-Market.app */ = {isa = PBXFileReference; explicitFileType = wrapper.application; includeInIndex = 0; path = "Chain-Market.app"; sourceTree = BUILT_PRODUCTS_DIR; };
		8F8DBF54292FD863002E6ABF /* Info.plist */ = {isa = PBXFileReference; lastKnownFileType = text.plist.xml; path = Info.plist; sourceTree = "<group>"; };
		8F8DBF5C292FD876002E6ABF /* MarketListViewModel.swift */ = {isa = PBXFileReference; fileEncoding = 4; lastKnownFileType = sourcecode.swift; path = MarketListViewModel.swift; sourceTree = "<group>"; };
		8F8DBF5E292FD876002E6ABF /* ListCollectionViewCell.swift */ = {isa = PBXFileReference; fileEncoding = 4; lastKnownFileType = sourcecode.swift; path = ListCollectionViewCell.swift; sourceTree = "<group>"; };
		8F8DBF5F292FD876002E6ABF /* MarketListViewController.swift */ = {isa = PBXFileReference; fileEncoding = 4; lastKnownFileType = sourcecode.swift; path = MarketListViewController.swift; sourceTree = "<group>"; };
		8F8DBF61292FD877002E6ABF /* NetworkManager.swift */ = {isa = PBXFileReference; fileEncoding = 4; lastKnownFileType = sourcecode.swift; path = NetworkManager.swift; sourceTree = "<group>"; };
		8F8DBF62292FD877002E6ABF /* NetworkError.swift */ = {isa = PBXFileReference; fileEncoding = 4; lastKnownFileType = sourcecode.swift; path = NetworkError.swift; sourceTree = "<group>"; };
		8F8DBF63292FD877002E6ABF /* EndPoint.swift */ = {isa = PBXFileReference; fileEncoding = 4; lastKnownFileType = sourcecode.swift; path = EndPoint.swift; sourceTree = "<group>"; };
		8F8DBF65292FD877002E6ABF /* string+extensions.swift */ = {isa = PBXFileReference; fileEncoding = 4; lastKnownFileType = sourcecode.swift; path = "string+extensions.swift"; sourceTree = "<group>"; };
		8F8DBF66292FD877002E6ABF /* Int + extensions.swift */ = {isa = PBXFileReference; fileEncoding = 4; lastKnownFileType = sourcecode.swift; path = "Int + extensions.swift"; sourceTree = "<group>"; };
		8F8DBF69292FD877002E6ABF /* MarketItem.swift */ = {isa = PBXFileReference; fileEncoding = 4; lastKnownFileType = sourcecode.swift; path = MarketItem.swift; sourceTree = "<group>"; };
		8F8DBF6C292FD877002E6ABF /* AppDelegate.swift */ = {isa = PBXFileReference; fileEncoding = 4; lastKnownFileType = sourcecode.swift; path = AppDelegate.swift; sourceTree = "<group>"; };
		8F8DBF6D292FD877002E6ABF /* SceneDelegate.swift */ = {isa = PBXFileReference; fileEncoding = 4; lastKnownFileType = sourcecode.swift; path = SceneDelegate.swift; sourceTree = "<group>"; };
		8F8DBF6F292FD877002E6ABF /* Assets.xcassets */ = {isa = PBXFileReference; lastKnownFileType = folder.assetcatalog; path = Assets.xcassets; sourceTree = "<group>"; };
		8F8DBF71292FD877002E6ABF /* Base */ = {isa = PBXFileReference; lastKnownFileType = file.storyboard; name = Base; path = Base.lproj/LaunchScreen.storyboard; sourceTree = "<group>"; };
/* End PBXFileReference section */

/* Begin PBXFrameworksBuildPhase section */
		8F8DBF40292FD863002E6ABF /* Frameworks */ = {
			isa = PBXFrameworksBuildPhase;
			buildActionMask = 2147483647;
			files = (
			);
			runOnlyForDeploymentPostprocessing = 0;
		};
/* End PBXFrameworksBuildPhase section */

/* Begin PBXGroup section */
		8F45087B294B623100538AE4 /* Tapbar */ = {
			isa = PBXGroup;
			children = (
				8F45087C294B626800538AE4 /* TapbarController.swift */,
			);
			path = Tapbar;
			sourceTree = "<group>";
		};
		8F45087E294C9FCD00538AE4 /* detailView */ = {
			isa = PBXGroup;
			children = (
				8F45087F294C9FEC00538AE4 /* detailViewController.swift */,
				8F45089A2957242E00538AE4 /* detailViewModel.swift */,
			);
			path = detailView;
			sourceTree = "<group>";
		};
		8F840BC2293B6DEF005EFAAA /* ThumbnailCache */ = {
			isa = PBXGroup;
			children = (
				8F840BC3293B6E13005EFAAA /* CacheManager.swift */,
			);
			path = ThumbnailCache;
			sourceTree = "<group>";
		};
		8F840BC5293C64FC005EFAAA /* view */ = {
			isa = PBXGroup;
			children = (
				8F45087B294B623100538AE4 /* Tapbar */,
				8F840BDD29445755005EFAAA /* ItemRegistrationView */,
				8F8DBF5A292FD876002E6ABF /* MarketItemListView */,
			);
			path = view;
			sourceTree = "<group>";
		};
		8F840BCC293C68C3005EFAAA /* cell */ = {
			isa = PBXGroup;
			children = (
				8F8DBF5E292FD876002E6ABF /* ListCollectionViewCell.swift */,
				8F840BCA293C65B1005EFAAA /* GridCollectionViewCell.swift */,
			);
			path = cell;
			sourceTree = "<group>";
		};
		8F840BCD293C7077005EFAAA /* component */ = {
			isa = PBXGroup;
			children = (
				8F8DBF5B292FD876002E6ABF /* MarketListViewmodel */,
				8F840BCC293C68C3005EFAAA /* cell */,
			);
			path = component;
			sourceTree = "<group>";
		};
		8F840BDD29445755005EFAAA /* ItemRegistrationView */ = {
			isa = PBXGroup;
			children = (
				8F840BDE294457BC005EFAAA /* RegistrationViewController.swift */,
				8F45085D2948A20700538AE4 /* RegistrationViewModel.swift */,
			);
			path = ItemRegistrationView;
			sourceTree = "<group>";
		};
		8F8DBF3A292FD863002E6ABF = {
			isa = PBXGroup;
			children = (
				8F8DBF45292FD863002E6ABF /* Chain-Market */,
				8F8DBF44292FD863002E6ABF /* Products */,
			);
			sourceTree = "<group>";
		};
		8F8DBF44292FD863002E6ABF /* Products */ = {
			isa = PBXGroup;
			children = (
				8F8DBF43292FD863002E6ABF /* Chain-Market.app */,
			);
			name = Products;
			sourceTree = "<group>";
		};
		8F8DBF45292FD863002E6ABF /* Chain-Market */ = {
			isa = PBXGroup;
			children = (
				8F8DBF54292FD863002E6ABF /* Info.plist */,
				8F840BC5293C64FC005EFAAA /* view */,
				8F45087E294C9FCD00538AE4 /* detailView */,
				8F8DBF67292FD877002E6ABF /* Model */,
				8F8DBF64292FD877002E6ABF /* extension */,
				8F8DBF60292FD877002E6ABF /* Networking */,
				8F8DBF6A292FD877002E6ABF /* Sources */,
			);
			path = "Chain-Market";
			sourceTree = "<group>";
		};
		8F8DBF5A292FD876002E6ABF /* MarketItemListView */ = {
			isa = PBXGroup;
			children = (
				8F8DBF5F292FD876002E6ABF /* MarketListViewController.swift */,
				8F840BCD293C7077005EFAAA /* component */,
			);
			path = MarketItemListView;
			sourceTree = "<group>";
		};
		8F8DBF5B292FD876002E6ABF /* MarketListViewmodel */ = {
			isa = PBXGroup;
			children = (
				8F8DBF5C292FD876002E6ABF /* MarketListViewModel.swift */,
			);
			path = MarketListViewmodel;
			sourceTree = "<group>";
		};
		8F8DBF60292FD877002E6ABF /* Networking */ = {
			isa = PBXGroup;
			children = (
				8F840BC2293B6DEF005EFAAA /* ThumbnailCache */,
				8F8DBF61292FD877002E6ABF /* NetworkManager.swift */,
				8F8DBF62292FD877002E6ABF /* NetworkError.swift */,
				8F8DBF63292FD877002E6ABF /* EndPoint.swift */,
				8F45085B29485C5500538AE4 /* CreatePostBody.swift */,
			);
			path = Networking;
			sourceTree = "<group>";
		};
		8F8DBF64292FD877002E6ABF /* extension */ = {
			isa = PBXGroup;
			children = (
				8F8DBF65292FD877002E6ABF /* string+extensions.swift */,
				8F8DBF66292FD877002E6ABF /* Int + extensions.swift */,
			);
			path = extension;
			sourceTree = "<group>";
		};
		8F8DBF67292FD877002E6ABF /* Model */ = {
			isa = PBXGroup;
			children = (
				8F8DBF69292FD877002E6ABF /* MarketItem.swift */,
				8F450879294A004700538AE4 /* PostModel.swift */,
			);
			path = Model;
			sourceTree = "<group>";
		};
		8F8DBF6A292FD877002E6ABF /* Sources */ = {
			isa = PBXGroup;
			children = (
				8F8DBF6B292FD877002E6ABF /* Entries */,
				8F8DBF6E292FD877002E6ABF /* Resources */,
			);
			path = Sources;
			sourceTree = "<group>";
		};
		8F8DBF6B292FD877002E6ABF /* Entries */ = {
			isa = PBXGroup;
			children = (
				8F8DBF6C292FD877002E6ABF /* AppDelegate.swift */,
				8F8DBF6D292FD877002E6ABF /* SceneDelegate.swift */,
			);
			path = Entries;
			sourceTree = "<group>";
		};
		8F8DBF6E292FD877002E6ABF /* Resources */ = {
			isa = PBXGroup;
			children = (
				8F8DBF6F292FD877002E6ABF /* Assets.xcassets */,
				8F8DBF70292FD877002E6ABF /* LaunchScreen.storyboard */,
			);
			path = Resources;
			sourceTree = "<group>";
		};
/* End PBXGroup section */

/* Begin PBXNativeTarget section */
		8F8DBF42292FD863002E6ABF /* Chain-Market */ = {
			isa = PBXNativeTarget;
			buildConfigurationList = 8F8DBF57292FD863002E6ABF /* Build configuration list for PBXNativeTarget "Chain-Market" */;
			buildPhases = (
				8F8DBF3F292FD863002E6ABF /* Sources */,
				8F8DBF40292FD863002E6ABF /* Frameworks */,
				8F8DBF41292FD863002E6ABF /* Resources */,
			);
			buildRules = (
			);
			dependencies = (
			);
			name = "Chain-Market";
			productName = "Chain-Market";
			productReference = 8F8DBF43292FD863002E6ABF /* Chain-Market.app */;
			productType = "com.apple.product-type.application";
		};
/* End PBXNativeTarget section */

/* Begin PBXProject section */
		8F8DBF3B292FD863002E6ABF /* Project object */ = {
			isa = PBXProject;
			attributes = {
				BuildIndependentTargetsInParallel = 1;
				LastSwiftUpdateCheck = 1410;
				LastUpgradeCheck = 1410;
				TargetAttributes = {
					8F8DBF42292FD863002E6ABF = {
						CreatedOnToolsVersion = 14.1;
					};
				};
			};
			buildConfigurationList = 8F8DBF3E292FD863002E6ABF /* Build configuration list for PBXProject "Chain-Market" */;
			compatibilityVersion = "Xcode 14.0";
			developmentRegion = en;
			hasScannedForEncodings = 0;
			knownRegions = (
				en,
				Base,
			);
			mainGroup = 8F8DBF3A292FD863002E6ABF;
			productRefGroup = 8F8DBF44292FD863002E6ABF /* Products */;
			projectDirPath = "";
			projectRoot = "";
			targets = (
				8F8DBF42292FD863002E6ABF /* Chain-Market */,
			);
		};
/* End PBXProject section */

/* Begin PBXResourcesBuildPhase section */
		8F8DBF41292FD863002E6ABF /* Resources */ = {
			isa = PBXResourcesBuildPhase;
			buildActionMask = 2147483647;
			files = (
				8F8DBF7F292FD877002E6ABF /* Assets.xcassets in Resources */,
				8F8DBF80292FD877002E6ABF /* LaunchScreen.storyboard in Resources */,
			);
			runOnlyForDeploymentPostprocessing = 0;
		};
/* End PBXResourcesBuildPhase section */

/* Begin PBXSourcesBuildPhase section */
		8F8DBF3F292FD863002E6ABF /* Sources */ = {
			isa = PBXSourcesBuildPhase;
			buildActionMask = 2147483647;
			files = (
				8F8DBF74292FD877002E6ABF /* ListCollectionViewCell.swift in Sources */,
				8F450880294C9FEC00538AE4 /* detailViewController.swift in Sources */,
				8F45087D294B626800538AE4 /* TapbarController.swift in Sources */,
				8F8DBF72292FD877002E6ABF /* MarketListViewModel.swift in Sources */,
				8F8DBF78292FD877002E6ABF /* EndPoint.swift in Sources */,
				8F8DBF7D292FD877002E6ABF /* AppDelegate.swift in Sources */,
				8F45087A294A004700538AE4 /* PostModel.swift in Sources */,
				8F840BDF294457BC005EFAAA /* RegistrationViewController.swift in Sources */,
				8F840BCB293C65B1005EFAAA /* GridCollectionViewCell.swift in Sources */,
				8F840BC4293B6E13005EFAAA /* CacheManager.swift in Sources */,
				8F45085C29485C5500538AE4 /* CreatePostBody.swift in Sources */,
				8F8DBF79292FD877002E6ABF /* string+extensions.swift in Sources */,
				8F8DBF75292FD877002E6ABF /* MarketListViewController.swift in Sources */,
				8F8DBF7E292FD877002E6ABF /* SceneDelegate.swift in Sources */,
				8F8DBF76292FD877002E6ABF /* NetworkManager.swift in Sources */,
				8F45089B2957242E00538AE4 /* detailViewModel.swift in Sources */,
				8F8DBF7A292FD877002E6ABF /* Int + extensions.swift in Sources */,
				8F45085E2948A20700538AE4 /* RegistrationViewModel.swift in Sources */,
				8F8DBF7C292FD877002E6ABF /* MarketItem.swift in Sources */,
				8F8DBF77292FD877002E6ABF /* NetworkError.swift in Sources */,
			);
			runOnlyForDeploymentPostprocessing = 0;
		};
/* End PBXSourcesBuildPhase section */

/* Begin PBXVariantGroup section */
		8F8DBF70292FD877002E6ABF /* LaunchScreen.storyboard */ = {
			isa = PBXVariantGroup;
			children = (
				8F8DBF71292FD877002E6ABF /* Base */,
			);
			name = LaunchScreen.storyboard;
			sourceTree = "<group>";
		};
/* End PBXVariantGroup section */

/* Begin XCBuildConfiguration section */
		8F8DBF55292FD863002E6ABF /* Debug */ = {
			isa = XCBuildConfiguration;
			buildSettings = {
				ALWAYS_SEARCH_USER_PATHS = NO;
				CLANG_ANALYZER_NONNULL = YES;
				CLANG_ANALYZER_NUMBER_OBJECT_CONVERSION = YES_AGGRESSIVE;
				CLANG_CXX_LANGUAGE_STANDARD = "gnu++20";
				CLANG_ENABLE_MODULES = YES;
				CLANG_ENABLE_OBJC_ARC = YES;
				CLANG_ENABLE_OBJC_WEAK = YES;
				CLANG_WARN_BLOCK_CAPTURE_AUTORELEASING = YES;
				CLANG_WARN_BOOL_CONVERSION = YES;
				CLANG_WARN_COMMA = YES;
				CLANG_WARN_CONSTANT_CONVERSION = YES;
				CLANG_WARN_DEPRECATED_OBJC_IMPLEMENTATIONS = YES;
				CLANG_WARN_DIRECT_OBJC_ISA_USAGE = YES_ERROR;
				CLANG_WARN_DOCUMENTATION_COMMENTS = YES;
				CLANG_WARN_EMPTY_BODY = YES;
				CLANG_WARN_ENUM_CONVERSION = YES;
				CLANG_WARN_INFINITE_RECURSION = YES;
				CLANG_WARN_INT_CONVERSION = YES;
				CLANG_WARN_NON_LITERAL_NULL_CONVERSION = YES;
				CLANG_WARN_OBJC_IMPLICIT_RETAIN_SELF = YES;
				CLANG_WARN_OBJC_LITERAL_CONVERSION = YES;
				CLANG_WARN_OBJC_ROOT_CLASS = YES_ERROR;
				CLANG_WARN_QUOTED_INCLUDE_IN_FRAMEWORK_HEADER = YES;
				CLANG_WARN_RANGE_LOOP_ANALYSIS = YES;
				CLANG_WARN_STRICT_PROTOTYPES = YES;
				CLANG_WARN_SUSPICIOUS_MOVE = YES;
				CLANG_WARN_UNGUARDED_AVAILABILITY = YES_AGGRESSIVE;
				CLANG_WARN_UNREACHABLE_CODE = YES;
				CLANG_WARN__DUPLICATE_METHOD_MATCH = YES;
				COPY_PHASE_STRIP = NO;
				DEBUG_INFORMATION_FORMAT = dwarf;
				ENABLE_STRICT_OBJC_MSGSEND = YES;
				ENABLE_TESTABILITY = YES;
				GCC_C_LANGUAGE_STANDARD = gnu11;
				GCC_DYNAMIC_NO_PIC = NO;
				GCC_NO_COMMON_BLOCKS = YES;
				GCC_OPTIMIZATION_LEVEL = 0;
				GCC_PREPROCESSOR_DEFINITIONS = (
					"DEBUG=1",
					"$(inherited)",
				);
				GCC_WARN_64_TO_32_BIT_CONVERSION = YES;
				GCC_WARN_ABOUT_RETURN_TYPE = YES_ERROR;
				GCC_WARN_UNDECLARED_SELECTOR = YES;
				GCC_WARN_UNINITIALIZED_AUTOS = YES_AGGRESSIVE;
				GCC_WARN_UNUSED_FUNCTION = YES;
				GCC_WARN_UNUSED_VARIABLE = YES;
				IPHONEOS_DEPLOYMENT_TARGET = 16.1;
				MTL_ENABLE_DEBUG_INFO = INCLUDE_SOURCE;
				MTL_FAST_MATH = YES;
				ONLY_ACTIVE_ARCH = YES;
				SDKROOT = iphoneos;
				SWIFT_ACTIVE_COMPILATION_CONDITIONS = DEBUG;
				SWIFT_OPTIMIZATION_LEVEL = "-Onone";
			};
			name = Debug;
		};
		8F8DBF56292FD863002E6ABF /* Release */ = {
			isa = XCBuildConfiguration;
			buildSettings = {
				ALWAYS_SEARCH_USER_PATHS = NO;
				CLANG_ANALYZER_NONNULL = YES;
				CLANG_ANALYZER_NUMBER_OBJECT_CONVERSION = YES_AGGRESSIVE;
				CLANG_CXX_LANGUAGE_STANDARD = "gnu++20";
				CLANG_ENABLE_MODULES = YES;
				CLANG_ENABLE_OBJC_ARC = YES;
				CLANG_ENABLE_OBJC_WEAK = YES;
				CLANG_WARN_BLOCK_CAPTURE_AUTORELEASING = YES;
				CLANG_WARN_BOOL_CONVERSION = YES;
				CLANG_WARN_COMMA = YES;
				CLANG_WARN_CONSTANT_CONVERSION = YES;
				CLANG_WARN_DEPRECATED_OBJC_IMPLEMENTATIONS = YES;
				CLANG_WARN_DIRECT_OBJC_ISA_USAGE = YES_ERROR;
				CLANG_WARN_DOCUMENTATION_COMMENTS = YES;
				CLANG_WARN_EMPTY_BODY = YES;
				CLANG_WARN_ENUM_CONVERSION = YES;
				CLANG_WARN_INFINITE_RECURSION = YES;
				CLANG_WARN_INT_CONVERSION = YES;
				CLANG_WARN_NON_LITERAL_NULL_CONVERSION = YES;
				CLANG_WARN_OBJC_IMPLICIT_RETAIN_SELF = YES;
				CLANG_WARN_OBJC_LITERAL_CONVERSION = YES;
				CLANG_WARN_OBJC_ROOT_CLASS = YES_ERROR;
				CLANG_WARN_QUOTED_INCLUDE_IN_FRAMEWORK_HEADER = YES;
				CLANG_WARN_RANGE_LOOP_ANALYSIS = YES;
				CLANG_WARN_STRICT_PROTOTYPES = YES;
				CLANG_WARN_SUSPICIOUS_MOVE = YES;
				CLANG_WARN_UNGUARDED_AVAILABILITY = YES_AGGRESSIVE;
				CLANG_WARN_UNREACHABLE_CODE = YES;
				CLANG_WARN__DUPLICATE_METHOD_MATCH = YES;
				COPY_PHASE_STRIP = NO;
				DEBUG_INFORMATION_FORMAT = "dwarf-with-dsym";
				ENABLE_NS_ASSERTIONS = NO;
				ENABLE_STRICT_OBJC_MSGSEND = YES;
				GCC_C_LANGUAGE_STANDARD = gnu11;
				GCC_NO_COMMON_BLOCKS = YES;
				GCC_WARN_64_TO_32_BIT_CONVERSION = YES;
				GCC_WARN_ABOUT_RETURN_TYPE = YES_ERROR;
				GCC_WARN_UNDECLARED_SELECTOR = YES;
				GCC_WARN_UNINITIALIZED_AUTOS = YES_AGGRESSIVE;
				GCC_WARN_UNUSED_FUNCTION = YES;
				GCC_WARN_UNUSED_VARIABLE = YES;
				IPHONEOS_DEPLOYMENT_TARGET = 16.1;
				MTL_ENABLE_DEBUG_INFO = NO;
				MTL_FAST_MATH = YES;
				SDKROOT = iphoneos;
				SWIFT_COMPILATION_MODE = wholemodule;
				SWIFT_OPTIMIZATION_LEVEL = "-O";
				VALIDATE_PRODUCT = YES;
			};
			name = Release;
		};
		8F8DBF58292FD863002E6ABF /* Debug */ = {
			isa = XCBuildConfiguration;
			buildSettings = {
				ASSETCATALOG_COMPILER_APPICON_NAME = AppIcon;
				ASSETCATALOG_COMPILER_GLOBAL_ACCENT_COLOR_NAME = AccentColor;
				CODE_SIGN_STYLE = Automatic;
				CURRENT_PROJECT_VERSION = 1;
				DEVELOPMENT_TEAM = QW8FL6CWBT;
				GENERATE_INFOPLIST_FILE = YES;
				INFOPLIST_FILE = "Chain-Market/Info.plist";
				INFOPLIST_KEY_UIApplicationSupportsIndirectInputEvents = YES;
				INFOPLIST_KEY_UILaunchStoryboardName = LaunchScreen;
				INFOPLIST_KEY_UISupportedInterfaceOrientations_iPad = "UIInterfaceOrientationPortrait UIInterfaceOrientationPortraitUpsideDown UIInterfaceOrientationLandscapeLeft UIInterfaceOrientationLandscapeRight";
				INFOPLIST_KEY_UISupportedInterfaceOrientations_iPhone = "UIInterfaceOrientationPortrait UIInterfaceOrientationLandscapeLeft UIInterfaceOrientationLandscapeRight";
				IPHONEOS_DEPLOYMENT_TARGET = 15.0;
				LD_RUNPATH_SEARCH_PATHS = (
					"$(inherited)",
					"@executable_path/Frameworks",
				);
				MARKETING_VERSION = 1.0;
				PRODUCT_BUNDLE_IDENTIFIER = "unchain.Chain-Market";
				PRODUCT_NAME = "$(TARGET_NAME)";
				SWIFT_EMIT_LOC_STRINGS = YES;
				SWIFT_VERSION = 5.0;
				TARGETED_DEVICE_FAMILY = "1,2";
			};
			name = Debug;
		};
		8F8DBF59292FD863002E6ABF /* Release */ = {
			isa = XCBuildConfiguration;
			buildSettings = {
				ASSETCATALOG_COMPILER_APPICON_NAME = AppIcon;
				ASSETCATALOG_COMPILER_GLOBAL_ACCENT_COLOR_NAME = AccentColor;
				CODE_SIGN_STYLE = Automatic;
				CURRENT_PROJECT_VERSION = 1;
				DEVELOPMENT_TEAM = QW8FL6CWBT;
				GENERATE_INFOPLIST_FILE = YES;
				INFOPLIST_FILE = "Chain-Market/Info.plist";
				INFOPLIST_KEY_UIApplicationSupportsIndirectInputEvents = YES;
				INFOPLIST_KEY_UILaunchStoryboardName = LaunchScreen;
				INFOPLIST_KEY_UISupportedInterfaceOrientations_iPad = "UIInterfaceOrientationPortrait UIInterfaceOrientationPortraitUpsideDown UIInterfaceOrientationLandscapeLeft UIInterfaceOrientationLandscapeRight";
				INFOPLIST_KEY_UISupportedInterfaceOrientations_iPhone = "UIInterfaceOrientationPortrait UIInterfaceOrientationLandscapeLeft UIInterfaceOrientationLandscapeRight";
				IPHONEOS_DEPLOYMENT_TARGET = 15.0;
				LD_RUNPATH_SEARCH_PATHS = (
					"$(inherited)",
					"@executable_path/Frameworks",
				);
				MARKETING_VERSION = 1.0;
				PRODUCT_BUNDLE_IDENTIFIER = "unchain.Chain-Market";
				PRODUCT_NAME = "$(TARGET_NAME)";
				SWIFT_EMIT_LOC_STRINGS = YES;
				SWIFT_VERSION = 5.0;
				TARGETED_DEVICE_FAMILY = "1,2";
			};
			name = Release;
		};
/* End XCBuildConfiguration section */

/* Begin XCConfigurationList section */
		8F8DBF3E292FD863002E6ABF /* Build configuration list for PBXProject "Chain-Market" */ = {
			isa = XCConfigurationList;
			buildConfigurations = (
				8F8DBF55292FD863002E6ABF /* Debug */,
				8F8DBF56292FD863002E6ABF /* Release */,
			);
			defaultConfigurationIsVisible = 0;
			defaultConfigurationName = Release;
		};
		8F8DBF57292FD863002E6ABF /* Build configuration list for PBXNativeTarget "Chain-Market" */ = {
			isa = XCConfigurationList;
			buildConfigurations = (
				8F8DBF58292FD863002E6ABF /* Debug */,
				8F8DBF59292FD863002E6ABF /* Release */,
			);
			defaultConfigurationIsVisible = 0;
			defaultConfigurationName = Release;
		};
/* End XCConfigurationList section */
	};
	rootObject = 8F8DBF3B292FD863002E6ABF /* Project object */;
}
